
Microsoft Visual Studio Solution File, Format Version 12.00
# Visual Studio Version 16
VisualStudioVersion = 16.0.31025.194
MinimumVisualStudioVersion = 10.0.40219.1
Project("{9A19103F-16F7-4668-BE54-9A1E7A4F7556}") = "Ayes.Test", "src\Ayes.Test\Ayes.Test.csproj", "{9D01CAA1-1884-4AA4-ACE9-3DD43B26F2C1}"
EndProject
Project("{2150E333-8FDC-42A3-9474-1A3956D46DE8}") = "Solution Items", "Solution Items", "{A8347FD9-35FB-4B5D-B809-7A2E1A924540}"
	ProjectSection(SolutionItems) = preProject
		.editorconfig = .editorconfig
		.gitattributes = .gitattributes
		run.sh = run.sh
	EndProjectSection
EndProject
Global
	GlobalSection(SolutionConfigurationPlatforms) = preSolution
		Debug|Any CPU = Debug|Any CPU
		Release|Any CPU = Release|Any CPU
	EndGlobalSection
	GlobalSection(ProjectConfigurationPlatforms) = postSolution
		{9D01CAA1-1884-4AA4-ACE9-3DD43B26F2C1}.Debug|Any CPU.ActiveCfg = Debug|Any CPU
		{9D01CAA1-1884-4AA4-ACE9-3DD43B26F2C1}.Debug|Any CPU.Build.0 = Debug|Any CPU
		{9D01CAA1-1884-4AA4-ACE9-3DD43B26F2C1}.Release|Any CPU.ActiveCfg = Release|Any CPU
		{9D01CAA1-1884-4AA4-ACE9-3DD43B26F2C1}.Release|Any CPU.Build.0 = Release|Any CPU
	EndGlobalSection
	GlobalSection(SolutionProperties) = preSolution
		HideSolutionNode = FALSE
	EndGlobalSection
	GlobalSection(ExtensibilityGlobals) = postSolution
		SolutionGuid = {8E7AE8E0-0406-4074-86A5-A4FB71F73672}
	EndGlobalSection
EndGlobal
